
Microsoft Visual Studio Solution File, Format Version 12.00
# Visual Studio Version 17
VisualStudioVersion = 17.10.35004.147
MinimumVisualStudioVersion = 10.0.40219.1
Project("{A07B5EB6-E848-4116-A8D0-A826331D98C6}") = "TaxiTracker", "TaxiTracker\TaxiTracker.sfproj", "{5DBC0C12-2916-453E-A55F-9BDEB16FABCD}"
EndProject
Project("{9A19103F-16F7-4668-BE54-9A1E7A4F7556}") = "AuthenticationService", "AuthenticationService\AuthenticationService.csproj", "{7194AAB8-B949-4D3D-A6AB-1762F43137FA}"
EndProject
Project("{9A19103F-16F7-4668-BE54-9A1E7A4F7556}") = "Common", "Common\Common.csproj", "{886383BC-B158-4211-A67D-C29A095CD981}"
EndProject
Project("{9A19103F-16F7-4668-BE54-9A1E7A4F7556}") = "NotificationService", "NotificationService\NotificationService.csproj", "{B0F557CD-64EB-4C7F-8386-46A7C5FD482B}"
EndProject
Project("{9A19103F-16F7-4668-BE54-9A1E7A4F7556}") = "RideService", "RideService\RideService.csproj", "{329968C9-921C-47DF-BA2E-A0C097C4D7B1}"
EndProject
Project("{9A19103F-16F7-4668-BE54-9A1E7A4F7556}") = "RideTrackingService", "RideTrackingService\RideTrackingService.csproj", "{6379AD6A-2D17-4158-B179-87C99329B195}"
EndProject
Global
	GlobalSection(SolutionConfigurationPlatforms) = preSolution
		Debug|Any CPU = Debug|Any CPU
		Debug|x64 = Debug|x64
		Release|Any CPU = Release|Any CPU
		Release|x64 = Release|x64
	EndGlobalSection
	GlobalSection(ProjectConfigurationPlatforms) = postSolution
		{5DBC0C12-2916-453E-A55F-9BDEB16FABCD}.Debug|Any CPU.ActiveCfg = Debug|x64
		{5DBC0C12-2916-453E-A55F-9BDEB16FABCD}.Debug|Any CPU.Build.0 = Debug|x64
		{5DBC0C12-2916-453E-A55F-9BDEB16FABCD}.Debug|Any CPU.Deploy.0 = Debug|x64
		{5DBC0C12-2916-453E-A55F-9BDEB16FABCD}.Debug|x64.ActiveCfg = Debug|x64
		{5DBC0C12-2916-453E-A55F-9BDEB16FABCD}.Debug|x64.Build.0 = Debug|x64
		{5DBC0C12-2916-453E-A55F-9BDEB16FABCD}.Debug|x64.Deploy.0 = Debug|x64
		{5DBC0C12-2916-453E-A55F-9BDEB16FABCD}.Release|Any CPU.ActiveCfg = Release|x64
		{5DBC0C12-2916-453E-A55F-9BDEB16FABCD}.Release|Any CPU.Build.0 = Release|x64
		{5DBC0C12-2916-453E-A55F-9BDEB16FABCD}.Release|Any CPU.Deploy.0 = Release|x64
		{5DBC0C12-2916-453E-A55F-9BDEB16FABCD}.Release|x64.ActiveCfg = Release|x64
		{5DBC0C12-2916-453E-A55F-9BDEB16FABCD}.Release|x64.Build.0 = Release|x64
		{5DBC0C12-2916-453E-A55F-9BDEB16FABCD}.Release|x64.Deploy.0 = Release|x64
		{7194AAB8-B949-4D3D-A6AB-1762F43137FA}.Debug|Any CPU.ActiveCfg = Debug|Any CPU
		{7194AAB8-B949-4D3D-A6AB-1762F43137FA}.Debug|Any CPU.Build.0 = Debug|Any CPU
		{7194AAB8-B949-4D3D-A6AB-1762F43137FA}.Debug|x64.ActiveCfg = Debug|Any CPU
		{7194AAB8-B949-4D3D-A6AB-1762F43137FA}.Debug|x64.Build.0 = Debug|Any CPU
		{7194AAB8-B949-4D3D-A6AB-1762F43137FA}.Release|Any CPU.ActiveCfg = Release|Any CPU
		{7194AAB8-B949-4D3D-A6AB-1762F43137FA}.Release|Any CPU.Build.0 = Release|Any CPU
		{7194AAB8-B949-4D3D-A6AB-1762F43137FA}.Release|x64.ActiveCfg = Release|Any CPU
		{7194AAB8-B949-4D3D-A6AB-1762F43137FA}.Release|x64.Build.0 = Release|Any CPU
		{886383BC-B158-4211-A67D-C29A095CD981}.Debug|Any CPU.ActiveCfg = Debug|Any CPU
		{886383BC-B158-4211-A67D-C29A095CD981}.Debug|Any CPU.Build.0 = Debug|Any CPU
		{886383BC-B158-4211-A67D-C29A095CD981}.Debug|x64.ActiveCfg = Debug|Any CPU
		{886383BC-B158-4211-A67D-C29A095CD981}.Debug|x64.Build.0 = Debug|Any CPU
		{886383BC-B158-4211-A67D-C29A095CD981}.Release|Any CPU.ActiveCfg = Release|Any CPU
		{886383BC-B158-4211-A67D-C29A095CD981}.Release|Any CPU.Build.0 = Release|Any CPU
		{886383BC-B158-4211-A67D-C29A095CD981}.Release|x64.ActiveCfg = Release|Any CPU
		{886383BC-B158-4211-A67D-C29A095CD981}.Release|x64.Build.0 = Release|Any CPU
		{B0F557CD-64EB-4C7F-8386-46A7C5FD482B}.Debug|Any CPU.ActiveCfg = Debug|Any CPU
		{B0F557CD-64EB-4C7F-8386-46A7C5FD482B}.Debug|Any CPU.Build.0 = Debug|Any CPU
		{B0F557CD-64EB-4C7F-8386-46A7C5FD482B}.Debug|x64.ActiveCfg = Debug|Any CPU
		{B0F557CD-64EB-4C7F-8386-46A7C5FD482B}.Debug|x64.Build.0 = Debug|Any CPU
		{B0F557CD-64EB-4C7F-8386-46A7C5FD482B}.Release|Any CPU.ActiveCfg = Release|Any CPU
		{B0F557CD-64EB-4C7F-8386-46A7C5FD482B}.Release|Any CPU.Build.0 = Release|Any CPU
		{B0F557CD-64EB-4C7F-8386-46A7C5FD482B}.Release|x64.ActiveCfg = Release|Any CPU
		{B0F557CD-64EB-4C7F-8386-46A7C5FD482B}.Release|x64.Build.0 = Release|Any CPU
		{329968C9-921C-47DF-BA2E-A0C097C4D7B1}.Debug|Any CPU.ActiveCfg = Debug|Any CPU
		{329968C9-921C-47DF-BA2E-A0C097C4D7B1}.Debug|Any CPU.Build.0 = Debug|Any CPU
		{329968C9-921C-47DF-BA2E-A0C097C4D7B1}.Debug|x64.ActiveCfg = Debug|Any CPU
		{329968C9-921C-47DF-BA2E-A0C097C4D7B1}.Debug|x64.Build.0 = Debug|Any CPU
		{329968C9-921C-47DF-BA2E-A0C097C4D7B1}.Release|Any CPU.ActiveCfg = Release|Any CPU
		{329968C9-921C-47DF-BA2E-A0C097C4D7B1}.Release|Any CPU.Build.0 = Release|Any CPU
		{329968C9-921C-47DF-BA2E-A0C097C4D7B1}.Release|x64.ActiveCfg = Release|Any CPU
		{329968C9-921C-47DF-BA2E-A0C097C4D7B1}.Release|x64.Build.0 = Release|Any CPU
		{6379AD6A-2D17-4158-B179-87C99329B195}.Debug|Any CPU.ActiveCfg = Debug|Any CPU
		{6379AD6A-2D17-4158-B179-87C99329B195}.Debug|Any CPU.Build.0 = Debug|Any CPU
		{6379AD6A-2D17-4158-B179-87C99329B195}.Debug|x64.ActiveCfg = Debug|Any CPU
		{6379AD6A-2D17-4158-B179-87C99329B195}.Debug|x64.Build.0 = Debug|Any CPU
		{6379AD6A-2D17-4158-B179-87C99329B195}.Release|Any CPU.ActiveCfg = Release|Any CPU
		{6379AD6A-2D17-4158-B179-87C99329B195}.Release|Any CPU.Build.0 = Release|Any CPU
		{6379AD6A-2D17-4158-B179-87C99329B195}.Release|x64.ActiveCfg = Release|Any CPU
		{6379AD6A-2D17-4158-B179-87C99329B195}.Release|x64.Build.0 = Release|Any CPU
	EndGlobalSection
	GlobalSection(SolutionProperties) = preSolution
		HideSolutionNode = FALSE
	EndGlobalSection
	GlobalSection(ExtensibilityGlobals) = postSolution
		SolutionGuid = {1B8B4B54-1F09-4DFD-8922-D6A1D8CBEBE5}
	EndGlobalSection
EndGlobal
