
Microsoft Visual Studio Solution File, Format Version 12.00
# Visual Studio Version 16
VisualStudioVersion = 16.0.34729.46
MinimumVisualStudioVersion = 10.0.40219.1
Project("{A07B5EB6-E848-4116-A8D0-A826331D98C6}") = "TaxiTracker", "TaxiTracker\TaxiTracker.sfproj", "{8D301D7D-8611-4E8F-A571-68A3BA9B6C9A}"
EndProject
Project("{FAE04EC0-301F-11D3-BF4B-00C04F79EFBC}") = "UserService", "UserService\UserService.csproj", "{3CA5BD0C-82E6-472A-A14F-509AEF364321}"
EndProject
Project("{FAE04EC0-301F-11D3-BF4B-00C04F79EFBC}") = "AuthenticationService", "AuthenticationService\AuthenticationService.csproj", "{8870F268-8F32-44DA-91C4-AC8F13933006}"
EndProject
Project("{FAE04EC0-301F-11D3-BF4B-00C04F79EFBC}") = "RideService", "RideService\RideService.csproj", "{CAFD6742-12A5-407E-B60D-B726171A114C}"
EndProject
Project("{FAE04EC0-301F-11D3-BF4B-00C04F79EFBC}") = "Common", "Common\Common.csproj", "{6CF84BAA-F525-4935-BAC1-D548D2267A6D}"
EndProject
Global
	GlobalSection(SolutionConfigurationPlatforms) = preSolution
		Debug|Any CPU = Debug|Any CPU
		Debug|x64 = Debug|x64
		Release|Any CPU = Release|Any CPU
		Release|x64 = Release|x64
	EndGlobalSection
	GlobalSection(ProjectConfigurationPlatforms) = postSolution
		{8D301D7D-8611-4E8F-A571-68A3BA9B6C9A}.Debug|Any CPU.ActiveCfg = Debug|x64
		{8D301D7D-8611-4E8F-A571-68A3BA9B6C9A}.Debug|x64.ActiveCfg = Debug|x64
		{8D301D7D-8611-4E8F-A571-68A3BA9B6C9A}.Debug|x64.Build.0 = Debug|x64
		{8D301D7D-8611-4E8F-A571-68A3BA9B6C9A}.Debug|x64.Deploy.0 = Debug|x64
		{8D301D7D-8611-4E8F-A571-68A3BA9B6C9A}.Release|Any CPU.ActiveCfg = Release|x64
		{8D301D7D-8611-4E8F-A571-68A3BA9B6C9A}.Release|x64.ActiveCfg = Release|x64
		{8D301D7D-8611-4E8F-A571-68A3BA9B6C9A}.Release|x64.Build.0 = Release|x64
		{8D301D7D-8611-4E8F-A571-68A3BA9B6C9A}.Release|x64.Deploy.0 = Release|x64
		{3CA5BD0C-82E6-472A-A14F-509AEF364321}.Debug|Any CPU.ActiveCfg = Debug|Any CPU
		{3CA5BD0C-82E6-472A-A14F-509AEF364321}.Debug|Any CPU.Build.0 = Debug|Any CPU
		{3CA5BD0C-82E6-472A-A14F-509AEF364321}.Debug|x64.ActiveCfg = Debug|Any CPU
		{3CA5BD0C-82E6-472A-A14F-509AEF364321}.Debug|x64.Build.0 = Debug|Any CPU
		{3CA5BD0C-82E6-472A-A14F-509AEF364321}.Release|Any CPU.ActiveCfg = Release|Any CPU
		{3CA5BD0C-82E6-472A-A14F-509AEF364321}.Release|Any CPU.Build.0 = Release|Any CPU
		{3CA5BD0C-82E6-472A-A14F-509AEF364321}.Release|x64.ActiveCfg = Release|Any CPU
		{3CA5BD0C-82E6-472A-A14F-509AEF364321}.Release|x64.Build.0 = Release|Any CPU
		{8870F268-8F32-44DA-91C4-AC8F13933006}.Debug|Any CPU.ActiveCfg = Debug|Any CPU
		{8870F268-8F32-44DA-91C4-AC8F13933006}.Debug|Any CPU.Build.0 = Debug|Any CPU
		{8870F268-8F32-44DA-91C4-AC8F13933006}.Debug|x64.ActiveCfg = Debug|Any CPU
		{8870F268-8F32-44DA-91C4-AC8F13933006}.Debug|x64.Build.0 = Debug|Any CPU
		{8870F268-8F32-44DA-91C4-AC8F13933006}.Release|Any CPU.ActiveCfg = Release|Any CPU
		{8870F268-8F32-44DA-91C4-AC8F13933006}.Release|Any CPU.Build.0 = Release|Any CPU
		{8870F268-8F32-44DA-91C4-AC8F13933006}.Release|x64.ActiveCfg = Release|Any CPU
		{8870F268-8F32-44DA-91C4-AC8F13933006}.Release|x64.Build.0 = Release|Any CPU
		{CAFD6742-12A5-407E-B60D-B726171A114C}.Debug|Any CPU.ActiveCfg = Debug|Any CPU
		{CAFD6742-12A5-407E-B60D-B726171A114C}.Debug|Any CPU.Build.0 = Debug|Any CPU
		{CAFD6742-12A5-407E-B60D-B726171A114C}.Debug|x64.ActiveCfg = Debug|Any CPU
		{CAFD6742-12A5-407E-B60D-B726171A114C}.Debug|x64.Build.0 = Debug|Any CPU
		{CAFD6742-12A5-407E-B60D-B726171A114C}.Release|Any CPU.ActiveCfg = Release|Any CPU
		{CAFD6742-12A5-407E-B60D-B726171A114C}.Release|Any CPU.Build.0 = Release|Any CPU
		{CAFD6742-12A5-407E-B60D-B726171A114C}.Release|x64.ActiveCfg = Release|Any CPU
		{CAFD6742-12A5-407E-B60D-B726171A114C}.Release|x64.Build.0 = Release|Any CPU
		{6CF84BAA-F525-4935-BAC1-D548D2267A6D}.Debug|Any CPU.ActiveCfg = Debug|Any CPU
		{6CF84BAA-F525-4935-BAC1-D548D2267A6D}.Debug|Any CPU.Build.0 = Debug|Any CPU
		{6CF84BAA-F525-4935-BAC1-D548D2267A6D}.Debug|x64.ActiveCfg = Debug|Any CPU
		{6CF84BAA-F525-4935-BAC1-D548D2267A6D}.Debug|x64.Build.0 = Debug|Any CPU
		{6CF84BAA-F525-4935-BAC1-D548D2267A6D}.Release|Any CPU.ActiveCfg = Release|Any CPU
		{6CF84BAA-F525-4935-BAC1-D548D2267A6D}.Release|Any CPU.Build.0 = Release|Any CPU
		{6CF84BAA-F525-4935-BAC1-D548D2267A6D}.Release|x64.ActiveCfg = Release|Any CPU
		{6CF84BAA-F525-4935-BAC1-D548D2267A6D}.Release|x64.Build.0 = Release|Any CPU
	EndGlobalSection
	GlobalSection(SolutionProperties) = preSolution
		HideSolutionNode = FALSE
	EndGlobalSection
	GlobalSection(ExtensibilityGlobals) = postSolution
		SolutionGuid = {2F8707BD-9E14-49DC-9A2C-6AB6C57BCDF9}
	EndGlobalSection
EndGlobal
